
Microsoft Visual Studio Solution File, Format Version 12.00
# Visual Studio Version 17
VisualStudioVersion = 17.2.32616.157
MinimumVisualStudioVersion = 10.0.40219.1
Project("{FAE04EC0-301F-11D3-BF4B-00C04F79EFBC}") = "Uninstall", "UnInstall\Uninstall.csproj", "{041A88DB-A748-43AA-85F4-D66828F0F091}"
EndProject
Project("{FAE04EC0-301F-11D3-BF4B-00C04F79EFBC}") = "Install", "Install\Install.csproj", "{65EA5822-15F9-48F4-A726-22B5A2936C17}"
EndProject
Project("{2150E333-8FDC-42A3-9474-1A3956D46DE8}") = "Solutions", "Solutions", "{9E0F6E2E-E4B0-4195-9715-63F6F9274511}"
	ProjectSection(SolutionItems) = preProject
		.gitattributes = .gitattributes
		.gitignore = .gitignore
		LICENSE.txt = LICENSE.txt
		README.md = README.md
	EndProjectSection
EndProject
Global
	GlobalSection(SolutionConfigurationPlatforms) = preSolution
		Debug|Any CPU = Debug|Any CPU
		Release|Any CPU = Release|Any CPU
	EndGlobalSection
	GlobalSection(ProjectConfigurationPlatforms) = postSolution
		{041A88DB-A748-43AA-85F4-D66828F0F091}.Debug|Any CPU.ActiveCfg = Debug|Any CPU
		{041A88DB-A748-43AA-85F4-D66828F0F091}.Debug|Any CPU.Build.0 = Debug|Any CPU
		{041A88DB-A748-43AA-85F4-D66828F0F091}.Release|Any CPU.ActiveCfg = Release|Any CPU
		{041A88DB-A748-43AA-85F4-D66828F0F091}.Release|Any CPU.Build.0 = Release|Any CPU
		{65EA5822-15F9-48F4-A726-22B5A2936C17}.Debug|Any CPU.ActiveCfg = Debug|Any CPU
		{65EA5822-15F9-48F4-A726-22B5A2936C17}.Debug|Any CPU.Build.0 = Debug|Any CPU
		{65EA5822-15F9-48F4-A726-22B5A2936C17}.Release|Any CPU.ActiveCfg = Release|Any CPU
		{65EA5822-15F9-48F4-A726-22B5A2936C17}.Release|Any CPU.Build.0 = Release|Any CPU
	EndGlobalSection
	GlobalSection(SolutionProperties) = preSolution
		HideSolutionNode = FALSE
	EndGlobalSection
	GlobalSection(ExtensibilityGlobals) = postSolution
		SolutionGuid = {616AFCCA-96E7-4E95-AD9A-28D79BB19F0C}
	EndGlobalSection
EndGlobal
