
Microsoft Visual Studio Solution File, Format Version 12.00
# Visual Studio Version 17
VisualStudioVersion = 17.4.33205.214
MinimumVisualStudioVersion = 10.0.40219.1
Project("{FAE04EC0-301F-11D3-BF4B-00C04F79EFBC}") = "Install", "Install.csproj", "{65EA5822-15F9-48F4-A726-22B5A2936C17}"
EndProject
Global
	GlobalSection(SolutionConfigurationPlatforms) = preSolution
		Debug|Any CPU = Debug|Any CPU
		Release|Any CPU = Release|Any CPU
	EndGlobalSection
	GlobalSection(ProjectConfigurationPlatforms) = postSolution
		{65EA5822-15F9-48F4-A726-22B5A2936C17}.Debug|Any CPU.ActiveCfg = Debug|Any CPU
		{65EA5822-15F9-48F4-A726-22B5A2936C17}.Debug|Any CPU.Build.0 = Debug|Any CPU
		{65EA5822-15F9-48F4-A726-22B5A2936C17}.Release|Any CPU.ActiveCfg = Release|Any CPU
		{65EA5822-15F9-48F4-A726-22B5A2936C17}.Release|Any CPU.Build.0 = Release|Any CPU
	EndGlobalSection
	GlobalSection(SolutionProperties) = preSolution
		HideSolutionNode = FALSE
	EndGlobalSection
	GlobalSection(ExtensibilityGlobals) = postSolution
		SolutionGuid = {AFDA3AE4-5943-4964-9F5B-51A37214AF44}
	EndGlobalSection
EndGlobal
